
Microsoft Visual Studio Solution File, Format Version 12.00
# Visual Studio Version 16
VisualStudioVersion = 16.0.29025.244
MinimumVisualStudioVersion = 10.0.40219.1
Project("{9A19103F-16F7-4668-BE54-9A1E7A4F7556}") = "GoogleSearch", "GoogleSearch\GoogleSearch.csproj", "{68EEFBA7-EDDE-4308-9DB5-425FFC1EC75E}"
EndProject
Global
	GlobalSection(SolutionConfigurationPlatforms) = preSolution
		Debug|Any CPU = Debug|Any CPU
		Release|Any CPU = Release|Any CPU
	EndGlobalSection
	GlobalSection(ProjectConfigurationPlatforms) = postSolution
		{68EEFBA7-EDDE-4308-9DB5-425FFC1EC75E}.Debug|Any CPU.ActiveCfg = Debug|Any CPU
		{68EEFBA7-EDDE-4308-9DB5-425FFC1EC75E}.Debug|Any CPU.Build.0 = Debug|Any CPU
		{68EEFBA7-EDDE-4308-9DB5-425FFC1EC75E}.Release|Any CPU.ActiveCfg = Release|Any CPU
		{68EEFBA7-EDDE-4308-9DB5-425FFC1EC75E}.Release|Any CPU.Build.0 = Release|Any CPU
	EndGlobalSection
	GlobalSection(SolutionProperties) = preSolution
		HideSolutionNode = FALSE
	EndGlobalSection
	GlobalSection(ExtensibilityGlobals) = postSolution
		SolutionGuid = {59F0CC21-E252-459B-9D5D-1D5D46951CC8}
	EndGlobalSection
EndGlobal
